<?xml version="1.0" encoding="utf-8"?>
<Project ToolsVersion="4.0" xmlns="http://schemas.microsoft.com/developer/msbuild/2003">
  <ItemGroup>
    <Filter Include="01. Scene">
      <UniqueIdentifier>{c1018f74-2995-4c7b-ab63-36bf331880fb}</UniqueIdentifier>
    </Filter>
    <Filter Include="99. Defaults">
      <UniqueIdentifier>{6453c673-fd3c-4945-a694-fe1e5c9b4d51}</UniqueIdentifier>
    </Filter>
    <Filter Include="99. Defaults\리소스 파일">
      <UniqueIdentifier>{3552934c-413b-4130-98b6-05fa6e4e6c02}</UniqueIdentifier>
    </Filter>
    <Filter Include="01. Scene\00. TestScene">
      <UniqueIdentifier>{24647048-945d-471f-af2d-d5cb66a31eb9}</UniqueIdentifier>
    </Filter>
    <Filter Include="01. Scene\01. LoginScene">
      <UniqueIdentifier>{1fb7cbc4-1b42-49da-8f6b-335516671d72}</UniqueIdentifier>
    </Filter>
    <Filter Include="01. Scene\02. LoadingScene">
      <UniqueIdentifier>{6ed9adb3-5553-4098-89fa-02851cbdae4b}</UniqueIdentifier>
    </Filter>
    <Filter Include="03. UserInterface">
      <UniqueIdentifier>{bc853a0c-851b-4c12-ba99-af48b8df5311}</UniqueIdentifier>
    </Filter>
    <Filter Include="03. UserInterface\01. Chatting">
      <UniqueIdentifier>{4e7c63fb-6a23-4e90-bcce-3a190fdc1d33}</UniqueIdentifier>
    </Filter>
    <Filter Include="03. UserInterface\02. Inventory">
      <UniqueIdentifier>{ac0c93b3-08d2-4060-8ed3-0ffc712b21a8}</UniqueIdentifier>
    </Filter>
    <Filter Include="03. UserInterface\03. MiniMap">
      <UniqueIdentifier>{7f4cf11d-7ba5-4fc1-a0ae-78544b51b964}</UniqueIdentifier>
    </Filter>
    <Filter Include="03. UserInterface\04. Quest">
      <UniqueIdentifier>{b8c6f266-f7b7-4c60-a3bb-942113c5e175}</UniqueIdentifier>
    </Filter>
    <Filter Include="03. UserInterface\05. SkillWindow">
      <UniqueIdentifier>{38213b24-75a1-4264-9211-768d7c4b5cda}</UniqueIdentifier>
    </Filter>
    <Filter Include="03. UserInterface\06. Status">
      <UniqueIdentifier>{dc5462fc-7d69-430b-8c12-98cba1400a6d}</UniqueIdentifier>
    </Filter>
    <Filter Include="03. UserInterface\02. Inventory\01. Slot">
      <UniqueIdentifier>{ed463628-3343-4e64-ac22-16186b893aac}</UniqueIdentifier>
    </Filter>
    <Filter Include="03. UserInterface\08. QuickSlot">
      <UniqueIdentifier>{40d55629-0b81-4028-9935-69a6f116f102}</UniqueIdentifier>
    </Filter>
    <Filter Include="03. UserInterface\09. WorldMap">
      <UniqueIdentifier>{535139bc-8cc0-4795-bc18-aca5381502d9}</UniqueIdentifier>
    </Filter>
    <Filter Include="00. EntryPoint">
      <UniqueIdentifier>{0886482c-1875-4b92-a8db-adb8692200e3}</UniqueIdentifier>
    </Filter>
    <Filter Include="02. Object">
      <UniqueIdentifier>{a70eb36c-a2d2-4427-8431-ae37ff90dc85}</UniqueIdentifier>
    </Filter>
    <Filter Include="02. Object\99. Temp">
      <UniqueIdentifier>{1247bedd-a676-4841-942e-182b07170fa6}</UniqueIdentifier>
    </Filter>
    <Filter Include="02. Object\02. Static">
      <UniqueIdentifier>{a1ec93a0-6623-40a8-b439-682d8d47a5d4}</UniqueIdentifier>
    </Filter>
    <Filter Include="02. Object\02. Static\01. Item">
      <UniqueIdentifier>{10a16f1d-6a52-4e31-bfc6-4feda588e162}</UniqueIdentifier>
    </Filter>
    <Filter Include="02. Object\02. Static\01. Item\01. Sword">
      <UniqueIdentifier>{35ecb99d-14e8-484f-bb19-8ad7e1993c1c}</UniqueIdentifier>
    </Filter>
    <Filter Include="02. Object\02. Static\02. Environment">
      <UniqueIdentifier>{0c2891a0-b091-454e-a897-ecc700927e3f}</UniqueIdentifier>
    </Filter>
    <Filter Include="02. Object\02. Static\02. Environment\01. House">
      <UniqueIdentifier>{f0e00ea3-cef4-4fb2-99f8-0044c115f78f}</UniqueIdentifier>
    </Filter>
    <Filter Include="02. Object\02. Static\02. Environment\02. Tree">
      <UniqueIdentifier>{f6666a10-e8fa-4b6a-b9d2-24f3779e4aa6}</UniqueIdentifier>
    </Filter>
    <Filter Include="02. Object\01. Actor">
      <UniqueIdentifier>{529a1f5a-b1e7-48bc-b7fb-a13e1c103501}</UniqueIdentifier>
    </Filter>
    <Filter Include="02. Object\01. Actor\01. Player">
      <UniqueIdentifier>{e3dbf03c-063c-4a34-b40f-30334c7ba936}</UniqueIdentifier>
    </Filter>
    <Filter Include="02. Object\01. Actor\01. Player\01. FSM">
      <UniqueIdentifier>{239190df-06ce-4060-8192-2ebf1b422a48}</UniqueIdentifier>
    </Filter>
    <Filter Include="02. Object\01. Actor\02. NPC">
      <UniqueIdentifier>{75655469-e701-43d1-acb0-56efa731c780}</UniqueIdentifier>
    </Filter>
    <Filter Include="02. Object\01. Actor\02. NPC\01. Monster">
      <UniqueIdentifier>{471abd96-ed0f-403b-94e0-90558e1e85e7}</UniqueIdentifier>
    </Filter>
    <Filter Include="02. Object\01. Actor\02. NPC\01. Monster\01. Golem">
      <UniqueIdentifier>{111975c9-fc78-4826-83bd-b934a748f2ed}</UniqueIdentifier>
    </Filter>
    <Filter Include="02. Object\01. Actor\02. NPC\01. Monster\01. Golem\01. FSM">
      <UniqueIdentifier>{9c76634a-b08f-4c91-b04f-75450f15cd93}</UniqueIdentifier>
    </Filter>
    <Filter Include="02. Object\01. Actor\02. NPC\01. Monster\02. Mino">
      <UniqueIdentifier>{6039000c-cb66-4dc7-89c4-4106dbae2aff}</UniqueIdentifier>
    </Filter>
    <Filter Include="02. Object\01. Actor\02. NPC\01. Monster\03. Seuteompi">
      <UniqueIdentifier>{ae9b5ab7-cca1-4a49-8d12-b9de3a3768bc}</UniqueIdentifier>
    </Filter>
    <Filter Include="02. Object\03. Effects">
      <UniqueIdentifier>{3ecb28e3-c5ee-4b38-8e09-98a0d2c5ab94}</UniqueIdentifier>
    </Filter>
    <Filter Include="02. Object\01. Actor\02. NPC\02. Villager">
      <UniqueIdentifier>{9d8332a9-9b83-4c63-866c-8e8055f97826}</UniqueIdentifier>
    </Filter>
    <Filter Include="02. Object\01. Actor\02. NPC\02. Villager\01. Villeger1">
      <UniqueIdentifier>{1e89d35c-13d0-496f-8754-10d070134c6c}</UniqueIdentifier>
    </Filter>
    <Filter Include="02. Object\01. Actor\02. NPC\02. Villager\02 Villager2">
      <UniqueIdentifier>{1299c3c8-c108-4f6d-9baa-b0e5f30f8aa3}</UniqueIdentifier>
    </Filter>
    <Filter Include="03. UserInterface\07. Option">
      <UniqueIdentifier>{94259b74-13c2-4c67-8d10-49ab197419bf}</UniqueIdentifier>
    </Filter>
    <Filter Include="01. Scene\04. MainScene">
      <UniqueIdentifier>{ec9f5cb3-cffa-4bc4-b538-606fccd5c649}</UniqueIdentifier>
    </Filter>
    <Filter Include="01. Scene\03. CharacterSelectScene">
      <UniqueIdentifier>{a7f34170-9c23-425d-a26d-c3c745e83c28}</UniqueIdentifier>
    </Filter>
    <Filter Include="99. Defaults\리소스 파일\헤더 파일">
      <UniqueIdentifier>{5eb4b4d9-f8bc-4569-acef-251c4134e48a}</UniqueIdentifier>
    </Filter>
    <Filter Include="03. UserInterface\10. DropTableUI">
      <UniqueIdentifier>{3f26672a-1c9d-4f15-9fb6-d1285de74a33}</UniqueIdentifier>
    </Filter>
    <Filter Include="03. UserInterface\10. DropTableUI\01. DropItemSlot">
      <UniqueIdentifier>{31a8a84b-0e02-41ec-bdf8-9ae51292f598}</UniqueIdentifier>
    </Filter>
    <Filter Include="03. UserInterface\11. TargetPlayerUI">
      <UniqueIdentifier>{1e13dae6-9140-4993-a3a2-c81082b6c1c1}</UniqueIdentifier>
    </Filter>
    <Filter Include="03. UserInterface\12. MessageBox">
      <UniqueIdentifier>{eaf09db5-fd2b-4472-a313-ccde17220698}</UniqueIdentifier>
    </Filter>
    <Filter Include="03. UserInterface\11. TargetPlayerUI\01. UserInfoUI">
      <UniqueIdentifier>{e78043a2-da8b-4062-a532-22ced7e7b011}</UniqueIdentifier>
    </Filter>
    <Filter Include="03. UserInterface\11. TargetPlayerUI\03. TradeUI">
      <UniqueIdentifier>{024a50f5-80de-489b-806f-07946ef7a959}</UniqueIdentifier>
    </Filter>
    <Filter Include="03. UserInterface\11. TargetPlayerUI\02. InviteToPartyUI">
      <UniqueIdentifier>{1cf019a2-c52b-447a-bb40-8d1b6a0ebfba}</UniqueIdentifier>
    </Filter>
    <Filter Include="03. UserInterface\12. MessageBox\02. Cancel">
      <UniqueIdentifier>{7731ef96-8312-4b50-8047-8de41ee9b5e3}</UniqueIdentifier>
    </Filter>
    <Filter Include="03. UserInterface\12. MessageBox\01. Confirm">
      <UniqueIdentifier>{f4dd665a-8c7a-477a-86c5-a06189df523d}</UniqueIdentifier>
    </Filter>
    <Filter Include="03. UserInterface\12. MessageBox\03. Static">
      <UniqueIdentifier>{ec8d3dbc-bd20-46c7-a113-21d4f4620e7c}</UniqueIdentifier>
    </Filter>
    <Filter Include="03. UserInterface\06. Status\PartyStatus">
      <UniqueIdentifier>{47f1d821-fd49-42d0-9176-a77baf4123d9}</UniqueIdentifier>
    </Filter>
    <Filter Include="Boem%27s">
      <UniqueIdentifier>{effd5d11-a639-4e6f-b053-b1e49a55bbca}</UniqueIdentifier>
    </Filter>
    <Filter Include="02. Object\01. Actor\02. NPC\01. Monster\04. BlueLizard">
      <UniqueIdentifier>{4aeef936-cf50-41dd-b8b6-5e08c2fee374}</UniqueIdentifier>
    </Filter>
    <Filter Include="02. Object\01. Actor\02. NPC\01. Monster\07. DemonLord">
      <UniqueIdentifier>{aad4dd5d-5902-45e9-b5eb-4698cbd2d202}</UniqueIdentifier>
    </Filter>
    <Filter Include="02. Object\01. Actor\02. NPC\01. Monster\05. Armored_GreenLizard">
      <UniqueIdentifier>{3026a1d6-556f-42c5-9661-39c0dac2e6a1}</UniqueIdentifier>
    </Filter>
    <Filter Include="02. Object\01. Actor\02. NPC\01. Monster\06. Armored_BlueLizard">
      <UniqueIdentifier>{7c2dde14-eb4a-4430-a002-de289ce0be3f}</UniqueIdentifier>
    </Filter>
  </ItemGroup>
  <ItemGroup>
    <ClInclude Include="resource.h">
      <Filter>99. Defaults\리소스 파일\헤더 파일</Filter>
    </ClInclude>
    <ClInclude Include="SceneScript\TestScene.h">
      <Filter>01. Scene\00. TestScene</Filter>
    </ClInclude>
    <ClInclude Include="SceneScript\MainScene.h">
      <Filter>01. Scene\04. MainScene</Filter>
    </ClInclude>
    <ClInclude Include="ObjectScript\GolemState.h">
      <Filter>02. Object\01. Actor\02. NPC\01. Monster\01. Golem\01. FSM</Filter>
    </ClInclude>
    <ClInclude Include="ObjectScript\GolemAttack.h">
      <Filter>02. Object\01. Actor\02. NPC\01. Monster\01. Golem\01. FSM</Filter>
    </ClInclude>
    <ClInclude Include="ObjectScript\GolemDie.h">
      <Filter>02. Object\01. Actor\02. NPC\01. Monster\01. Golem\01. FSM</Filter>
    </ClInclude>
    <ClInclude Include="ObjectScript\GolemIdle.h">
      <Filter>02. Object\01. Actor\02. NPC\01. Monster\01. Golem\01. FSM</Filter>
    </ClInclude>
    <ClInclude Include="ObjectScript\GolemMove.h">
      <Filter>02. Object\01. Actor\02. NPC\01. Monster\01. Golem\01. FSM</Filter>
    </ClInclude>
    <ClInclude Include="ObjectScript\PlayerAttack.h">
      <Filter>02. Object\01. Actor\01. Player\01. FSM</Filter>
    </ClInclude>
    <ClInclude Include="ObjectScript\PlayerIdle.h">
      <Filter>02. Object\01. Actor\01. Player\01. FSM</Filter>
    </ClInclude>
    <ClInclude Include="ObjectScript\PlayerMove.h">
      <Filter>02. Object\01. Actor\01. Player\01. FSM</Filter>
    </ClInclude>
    <ClInclude Include="ObjectScript\PlayerState.h">
      <Filter>02. Object\01. Actor\01. Player\01. FSM</Filter>
    </ClInclude>
    <ClInclude Include="ObjectScript\Player.h">
      <Filter>02. Object\01. Actor\01. Player</Filter>
    </ClInclude>
    <ClInclude Include="ObjectScript\Bullet.h">
      <Filter>02. Object\99. Temp</Filter>
    </ClInclude>
    <ClInclude Include="ObjectScript\CharacterPanel.h">
      <Filter>02. Object\99. Temp</Filter>
    </ClInclude>
    <ClInclude Include="ObjectScript\Effect.h">
      <Filter>02. Object\03. Effects</Filter>
    </ClInclude>
    <ClInclude Include="ObjectScript\Gun.h">
      <Filter>02. Object\99. Temp</Filter>
    </ClInclude>
    <ClInclude Include="ObjectScript\Golem.h">
      <Filter>02. Object\01. Actor\02. NPC\01. Monster\01. Golem</Filter>
    </ClInclude>
    <ClInclude Include="ObjectScript\Mino.h">
      <Filter>02. Object\01. Actor\02. NPC\01. Monster\02. Mino</Filter>
    </ClInclude>
    <ClInclude Include="ObjectScript\Monster.h">
      <Filter>02. Object\01. Actor\02. NPC\01. Monster</Filter>
    </ClInclude>
    <ClInclude Include="ObjectScript\Shield.h">
      <Filter>02. Object\99. Temp</Filter>
    </ClInclude>
    <ClInclude Include="MiniMap.h">
      <Filter>03. UserInterface\03. MiniMap</Filter>
    </ClInclude>
    <ClInclude Include="Chatting.h">
      <Filter>03. UserInterface\01. Chatting</Filter>
    </ClInclude>
    <ClInclude Include="Inventory.h">
      <Filter>03. UserInterface\02. Inventory</Filter>
    </ClInclude>
    <ClInclude Include="Slot.h">
      <Filter>03. UserInterface\02. Inventory\01. Slot</Filter>
    </ClInclude>
    <ClInclude Include="QuickSlot.h">
      <Filter>03. UserInterface\08. QuickSlot</Filter>
    </ClInclude>
    <ClInclude Include="Quest.h">
      <Filter>03. UserInterface\04. Quest</Filter>
    </ClInclude>
    <ClInclude Include="SkillWindow.h">
      <Filter>03. UserInterface\05. SkillWindow</Filter>
    </ClInclude>
    <ClInclude Include="Status.h">
      <Filter>03. UserInterface\06. Status</Filter>
    </ClInclude>
    <ClInclude Include="UserInterfaceManager.h">
      <Filter>03. UserInterface</Filter>
    </ClInclude>
    <ClInclude Include="WorldMap.h">
      <Filter>03. UserInterface\09. WorldMap</Filter>
    </ClInclude>
    <ClInclude Include="ObjectScript\Sword.h">
      <Filter>02. Object\02. Static\01. Item\01. Sword</Filter>
    </ClInclude>
    <ClInclude Include="ObjectScript\Actor.h">
      <Filter>02. Object\01. Actor</Filter>
    </ClInclude>
    <ClInclude Include="SceneScript\LoginScene.h">
      <Filter>01. Scene\01. LoginScene</Filter>
    </ClInclude>
    <ClInclude Include="Client.h">
      <Filter>00. EntryPoint</Filter>
    </ClInclude>
    <ClInclude Include="ObjectScript\Villager1.h">
      <Filter>02. Object\01. Actor\02. NPC\02. Villager\01. Villeger1</Filter>
    </ClInclude>
    <ClInclude Include="Option.h">
      <Filter>03. UserInterface\07. Option</Filter>
    </ClInclude>
    <ClInclude Include="DropTableUI.h">
      <Filter>03. UserInterface\10. DropTableUI</Filter>
    </ClInclude>
    <ClInclude Include="DropItemSlot.h">
      <Filter>03. UserInterface\10. DropTableUI\01. DropItemSlot</Filter>
    </ClInclude>
    <ClInclude Include="TargetPlayerUI.h">
      <Filter>03. UserInterface\11. TargetPlayerUI</Filter>
    </ClInclude>
    <ClInclude Include="UserInfoUI.h">
      <Filter>03. UserInterface\11. TargetPlayerUI\01. UserInfoUI</Filter>
    </ClInclude>
    <ClInclude Include="TradeUI.h">
      <Filter>03. UserInterface\11. TargetPlayerUI\03. TradeUI</Filter>
    </ClInclude>
    <ClInclude Include="InviteToParty.h">
      <Filter>03. UserInterface\11. TargetPlayerUI\02. InviteToPartyUI</Filter>
    </ClInclude>
    <ClInclude Include="PGMessageBox.h">
      <Filter>03. UserInterface\12. MessageBox</Filter>
    </ClInclude>
    <ClInclude Include="PGCancel.h">
      <Filter>03. UserInterface\12. MessageBox\02. Cancel</Filter>
    </ClInclude>
    <ClInclude Include="PGConfirm.h">
      <Filter>03. UserInterface\12. MessageBox\01. Confirm</Filter>
    </ClInclude>
    <ClInclude Include="PartyStatus.h">
      <Filter>03. UserInterface\06. Status\PartyStatus</Filter>
    </ClInclude>
    <ClInclude Include="ObjectScript\Player_Test.h">
      <Filter>Boem%27s</Filter>
    </ClInclude>
    <ClInclude Include="ObjectScript\DemonLord.h">
      <Filter>02. Object\01. Actor\02. NPC\01. Monster\07. DemonLord</Filter>
    </ClInclude>
    <ClInclude Include="ObjectScript\Armored_BlueLizard.h">
      <Filter>02. Object\01. Actor\02. NPC\01. Monster\06. Armored_BlueLizard</Filter>
    </ClInclude>
    <ClInclude Include="ObjectScript\BlueLizard.h">
      <Filter>02. Object\01. Actor\02. NPC\01. Monster\04. BlueLizard</Filter>
    </ClInclude>
    <ClInclude Include="ObjectScript\Armored_GreenLizard.h">
      <Filter>02. Object\01. Actor\02. NPC\01. Monster\05. Armored_GreenLizard</Filter>
    </ClInclude>
    <ClInclude Include="ObjectScript\GreenLizard.h">
      <Filter>02. Object\01. Actor\02. NPC\01. Monster\03. Seuteompi</Filter>
    </ClInclude>
  </ItemGroup>
  <ItemGroup>
    <ClCompile Include="SceneScript\TestScene.cpp">
      <Filter>01. Scene\00. TestScene</Filter>
    </ClCompile>
    <ClCompile Include="SceneScript\MainScene.cpp">
      <Filter>01. Scene\04. MainScene</Filter>
    </ClCompile>
    <ClCompile Include="ObjectScript\GolemAttack.cpp">
      <Filter>02. Object\01. Actor\02. NPC\01. Monster\01. Golem\01. FSM</Filter>
    </ClCompile>
    <ClCompile Include="ObjectScript\GolemDie.cpp">
      <Filter>02. Object\01. Actor\02. NPC\01. Monster\01. Golem\01. FSM</Filter>
    </ClCompile>
    <ClCompile Include="ObjectScript\GolemIdle.cpp">
      <Filter>02. Object\01. Actor\02. NPC\01. Monster\01. Golem\01. FSM</Filter>
    </ClCompile>
    <ClCompile Include="ObjectScript\GolemMove.cpp">
      <Filter>02. Object\01. Actor\02. NPC\01. Monster\01. Golem\01. FSM</Filter>
    </ClCompile>
    <ClCompile Include="ObjectScript\PlayerAttack.cpp">
      <Filter>02. Object\01. Actor\01. Player\01. FSM</Filter>
    </ClCompile>
    <ClCompile Include="ObjectScript\PlayerIdle.cpp">
      <Filter>02. Object\01. Actor\01. Player\01. FSM</Filter>
    </ClCompile>
    <ClCompile Include="ObjectScript\PlayerMove.cpp">
      <Filter>02. Object\01. Actor\01. Player\01. FSM</Filter>
    </ClCompile>
    <ClCompile Include="ObjectScript\Player.cpp">
      <Filter>02. Object\01. Actor\01. Player</Filter>
    </ClCompile>
    <ClCompile Include="ObjectScript\Bullet.cpp">
      <Filter>02. Object\99. Temp</Filter>
    </ClCompile>
    <ClCompile Include="ObjectScript\CharacterPanel.cpp">
      <Filter>02. Object\99. Temp</Filter>
    </ClCompile>
    <ClCompile Include="ObjectScript\Effect.cpp">
      <Filter>02. Object\03. Effects</Filter>
    </ClCompile>
    <ClCompile Include="ObjectScript\Gun.cpp">
      <Filter>02. Object\99. Temp</Filter>
    </ClCompile>
    <ClCompile Include="ObjectScript\Golem.cpp">
      <Filter>02. Object\01. Actor\02. NPC\01. Monster\01. Golem</Filter>
    </ClCompile>
    <ClCompile Include="ObjectScript\Mino.cpp">
      <Filter>02. Object\01. Actor\02. NPC\01. Monster\02. Mino</Filter>
    </ClCompile>
    <ClCompile Include="ObjectScript\Monster.cpp">
      <Filter>02. Object\01. Actor\02. NPC\01. Monster</Filter>
    </ClCompile>
    <ClCompile Include="ObjectScript\Shield.cpp">
      <Filter>02. Object\99. Temp</Filter>
    </ClCompile>
    <ClCompile Include="MiniMap.cpp">
      <Filter>03. UserInterface\03. MiniMap</Filter>
    </ClCompile>
    <ClCompile Include="Chatting.cpp">
      <Filter>03. UserInterface\01. Chatting</Filter>
    </ClCompile>
    <ClCompile Include="Inventory.cpp">
      <Filter>03. UserInterface\02. Inventory</Filter>
    </ClCompile>
    <ClCompile Include="Slot.cpp">
      <Filter>03. UserInterface\02. Inventory\01. Slot</Filter>
    </ClCompile>
    <ClCompile Include="QuickSlot.cpp">
      <Filter>03. UserInterface\08. QuickSlot</Filter>
    </ClCompile>
    <ClCompile Include="Quest.cpp">
      <Filter>03. UserInterface\04. Quest</Filter>
    </ClCompile>
    <ClCompile Include="SkillWindow.cpp">
      <Filter>03. UserInterface\05. SkillWindow</Filter>
    </ClCompile>
    <ClCompile Include="Status.cpp">
      <Filter>03. UserInterface\06. Status</Filter>
    </ClCompile>
    <ClCompile Include="UserInterfaceManager.cpp">
      <Filter>03. UserInterface</Filter>
    </ClCompile>
    <ClCompile Include="WorldMap.cpp">
      <Filter>03. UserInterface\09. WorldMap</Filter>
    </ClCompile>
    <ClCompile Include="ObjectScript\Sword.cpp">
      <Filter>02. Object\02. Static\01. Item\01. Sword</Filter>
    </ClCompile>
    <ClCompile Include="ObjectScript\Actor.cpp">
      <Filter>02. Object\01. Actor</Filter>
    </ClCompile>
    <ClCompile Include="SceneScript\LoginScene.cpp">
      <Filter>01. Scene\01. LoginScene</Filter>
    </ClCompile>
    <ClCompile Include="client_main.cpp">
      <Filter>00. EntryPoint</Filter>
    </ClCompile>
    <ClCompile Include="ObjectScript\Villager1.cpp">
      <Filter>02. Object\01. Actor\02. NPC\02. Villager\01. Villeger1</Filter>
    </ClCompile>
    <ClCompile Include="Option.cpp">
      <Filter>03. UserInterface\07. Option</Filter>
    </ClCompile>
    <ClCompile Include="DropTableUI.cpp">
      <Filter>03. UserInterface\10. DropTableUI</Filter>
    </ClCompile>
    <ClCompile Include="DropItemSlot.cpp">
      <Filter>03. UserInterface\10. DropTableUI\01. DropItemSlot</Filter>
    </ClCompile>
    <ClCompile Include="TargetPlayerUI.cpp">
      <Filter>03. UserInterface\11. TargetPlayerUI</Filter>
    </ClCompile>
    <ClCompile Include="UserInfoUI.cpp">
      <Filter>03. UserInterface\11. TargetPlayerUI\01. UserInfoUI</Filter>
    </ClCompile>
    <ClCompile Include="TradeUI.cpp">
      <Filter>03. UserInterface\11. TargetPlayerUI\03. TradeUI</Filter>
    </ClCompile>
    <ClCompile Include="InviteToParty.cpp">
      <Filter>03. UserInterface\11. TargetPlayerUI\02. InviteToPartyUI</Filter>
    </ClCompile>
    <ClCompile Include="PGMessageBox.cpp">
      <Filter>03. UserInterface\12. MessageBox</Filter>
    </ClCompile>
    <ClCompile Include="PGCancel.cpp">
      <Filter>03. UserInterface\12. MessageBox\02. Cancel</Filter>
    </ClCompile>
    <ClCompile Include="PGConfirm.cpp">
      <Filter>03. UserInterface\12. MessageBox\01. Confirm</Filter>
    </ClCompile>
    <ClCompile Include="PartyStatus.cpp">
      <Filter>03. UserInterface\06. Status\PartyStatus</Filter>
    </ClCompile>
    <ClCompile Include="ObjectScript\Player_Test.cpp">
      <Filter>Boem%27s</Filter>
    </ClCompile>
    <ClCompile Include="ObjectScript\DemonLord.cpp">
      <Filter>02. Object\01. Actor\02. NPC\01. Monster\07. DemonLord</Filter>
    </ClCompile>
    <ClCompile Include="ObjectScript\Armored_BlueLizard.cpp">
      <Filter>02. Object\01. Actor\02. NPC\01. Monster\06. Armored_BlueLizard</Filter>
    </ClCompile>
    <ClCompile Include="ObjectScript\BlueLizard.cpp">
      <Filter>02. Object\01. Actor\02. NPC\01. Monster\04. BlueLizard</Filter>
    </ClCompile>
    <ClCompile Include="ObjectScript\Armored_GreenLizard.cpp">
      <Filter>02. Object\01. Actor\02. NPC\01. Monster\05. Armored_GreenLizard</Filter>
    </ClCompile>
    <ClCompile Include="ObjectScript\GreenLizard.cpp">
      <Filter>02. Object\01. Actor\02. NPC\01. Monster\03. Seuteompi</Filter>
    </ClCompile>
  </ItemGroup>
  <ItemGroup>
    <Image Include="icon1.ico">
      <Filter>99. Defaults\리소스 파일</Filter>
    </Image>
  </ItemGroup>
  <ItemGroup>
    <ResourceCompile Include="MonsterForest.rc">
      <Filter>99. Defaults\리소스 파일</Filter>
    </ResourceCompile>
  </ItemGroup>
  <ItemGroup>
    <None Include="..\..\Common\Data\Navi\NaviTest0423.bin" />
  </ItemGroup>
</Project>